
Microsoft Visual Studio Solution File, Format Version 12.00
# Visual Studio Version 17
VisualStudioVersion = 17.0.31903.59
MinimumVisualStudioVersion = 10.0.40219.1
Project("{FAE04EC0-301F-11D3-BF4B-00C04F79EFBC}") = "Entity", "Entity\Entity.csproj", "{61B6482B-AB72-4340-913F-8D0654E60A8B}"
EndProject
Project("{FAE04EC0-301F-11D3-BF4B-00C04F79EFBC}") = "Data", "Data\Data.csproj", "{E5D8E7D3-BE77-4233-BF10-AF2EF162E117}"
EndProject
Project("{FAE04EC0-301F-11D3-BF4B-00C04F79EFBC}") = "Utilities", "Utilities\Utilities.csproj", "{6CA79765-43A8-42B4-9562-72DCBF0020C9}"
EndProject
Project("{FAE04EC0-301F-11D3-BF4B-00C04F79EFBC}") = "Business", "Business\Business.csproj", "{07DD4684-1811-4C70-9744-A4F7225A8248}"
EndProject
Project("{FAE04EC0-301F-11D3-BF4B-00C04F79EFBC}") = "Web", "Web\Web.csproj", "{EBCF5C0E-8DB8-4A5E-BA24-9F3DA03E899B}"
EndProject
Global
	GlobalSection(SolutionConfigurationPlatforms) = preSolution
		Debug|Any CPU = Debug|Any CPU
		Debug|x64 = Debug|x64
		Debug|x86 = Debug|x86
		Release|Any CPU = Release|Any CPU
		Release|x64 = Release|x64
		Release|x86 = Release|x86
	EndGlobalSection
	GlobalSection(ProjectConfigurationPlatforms) = postSolution
		{61B6482B-AB72-4340-913F-8D0654E60A8B}.Debug|Any CPU.ActiveCfg = Debug|Any CPU
		{61B6482B-AB72-4340-913F-8D0654E60A8B}.Debug|Any CPU.Build.0 = Debug|Any CPU
		{61B6482B-AB72-4340-913F-8D0654E60A8B}.Debug|x64.ActiveCfg = Debug|Any CPU
		{61B6482B-AB72-4340-913F-8D0654E60A8B}.Debug|x64.Build.0 = Debug|Any CPU
		{61B6482B-AB72-4340-913F-8D0654E60A8B}.Debug|x86.ActiveCfg = Debug|Any CPU
		{61B6482B-AB72-4340-913F-8D0654E60A8B}.Debug|x86.Build.0 = Debug|Any CPU
		{61B6482B-AB72-4340-913F-8D0654E60A8B}.Release|Any CPU.ActiveCfg = Release|Any CPU
		{61B6482B-AB72-4340-913F-8D0654E60A8B}.Release|Any CPU.Build.0 = Release|Any CPU
		{61B6482B-AB72-4340-913F-8D0654E60A8B}.Release|x64.ActiveCfg = Release|Any CPU
		{61B6482B-AB72-4340-913F-8D0654E60A8B}.Release|x64.Build.0 = Release|Any CPU
		{61B6482B-AB72-4340-913F-8D0654E60A8B}.Release|x86.ActiveCfg = Release|Any CPU
		{61B6482B-AB72-4340-913F-8D0654E60A8B}.Release|x86.Build.0 = Release|Any CPU
		{E5D8E7D3-BE77-4233-BF10-AF2EF162E117}.Debug|Any CPU.ActiveCfg = Debug|Any CPU
		{E5D8E7D3-BE77-4233-BF10-AF2EF162E117}.Debug|Any CPU.Build.0 = Debug|Any CPU
		{E5D8E7D3-BE77-4233-BF10-AF2EF162E117}.Debug|x64.ActiveCfg = Debug|Any CPU
		{E5D8E7D3-BE77-4233-BF10-AF2EF162E117}.Debug|x64.Build.0 = Debug|Any CPU
		{E5D8E7D3-BE77-4233-BF10-AF2EF162E117}.Debug|x86.ActiveCfg = Debug|Any CPU
		{E5D8E7D3-BE77-4233-BF10-AF2EF162E117}.Debug|x86.Build.0 = Debug|Any CPU
		{E5D8E7D3-BE77-4233-BF10-AF2EF162E117}.Release|Any CPU.ActiveCfg = Release|Any CPU
		{E5D8E7D3-BE77-4233-BF10-AF2EF162E117}.Release|Any CPU.Build.0 = Release|Any CPU
		{E5D8E7D3-BE77-4233-BF10-AF2EF162E117}.Release|x64.ActiveCfg = Release|Any CPU
		{E5D8E7D3-BE77-4233-BF10-AF2EF162E117}.Release|x64.Build.0 = Release|Any CPU
		{E5D8E7D3-BE77-4233-BF10-AF2EF162E117}.Release|x86.ActiveCfg = Release|Any CPU
		{E5D8E7D3-BE77-4233-BF10-AF2EF162E117}.Release|x86.Build.0 = Release|Any CPU
		{6CA79765-43A8-42B4-9562-72DCBF0020C9}.Debug|Any CPU.ActiveCfg = Debug|Any CPU
		{6CA79765-43A8-42B4-9562-72DCBF0020C9}.Debug|Any CPU.Build.0 = Debug|Any CPU
		{6CA79765-43A8-42B4-9562-72DCBF0020C9}.Debug|x64.ActiveCfg = Debug|Any CPU
		{6CA79765-43A8-42B4-9562-72DCBF0020C9}.Debug|x64.Build.0 = Debug|Any CPU
		{6CA79765-43A8-42B4-9562-72DCBF0020C9}.Debug|x86.ActiveCfg = Debug|Any CPU
		{6CA79765-43A8-42B4-9562-72DCBF0020C9}.Debug|x86.Build.0 = Debug|Any CPU
		{6CA79765-43A8-42B4-9562-72DCBF0020C9}.Release|Any CPU.ActiveCfg = Release|Any CPU
		{6CA79765-43A8-42B4-9562-72DCBF0020C9}.Release|Any CPU.Build.0 = Release|Any CPU
		{6CA79765-43A8-42B4-9562-72DCBF0020C9}.Release|x64.ActiveCfg = Release|Any CPU
		{6CA79765-43A8-42B4-9562-72DCBF0020C9}.Release|x64.Build.0 = Release|Any CPU
		{6CA79765-43A8-42B4-9562-72DCBF0020C9}.Release|x86.ActiveCfg = Release|Any CPU
		{6CA79765-43A8-42B4-9562-72DCBF0020C9}.Release|x86.Build.0 = Release|Any CPU
		{07DD4684-1811-4C70-9744-A4F7225A8248}.Debug|Any CPU.ActiveCfg = Debug|Any CPU
		{07DD4684-1811-4C70-9744-A4F7225A8248}.Debug|Any CPU.Build.0 = Debug|Any CPU
		{07DD4684-1811-4C70-9744-A4F7225A8248}.Debug|x64.ActiveCfg = Debug|Any CPU
		{07DD4684-1811-4C70-9744-A4F7225A8248}.Debug|x64.Build.0 = Debug|Any CPU
		{07DD4684-1811-4C70-9744-A4F7225A8248}.Debug|x86.ActiveCfg = Debug|Any CPU
		{07DD4684-1811-4C70-9744-A4F7225A8248}.Debug|x86.Build.0 = Debug|Any CPU
		{07DD4684-1811-4C70-9744-A4F7225A8248}.Release|Any CPU.ActiveCfg = Release|Any CPU
		{07DD4684-1811-4C70-9744-A4F7225A8248}.Release|Any CPU.Build.0 = Release|Any CPU
		{07DD4684-1811-4C70-9744-A4F7225A8248}.Release|x64.ActiveCfg = Release|Any CPU
		{07DD4684-1811-4C70-9744-A4F7225A8248}.Release|x64.Build.0 = Release|Any CPU
		{07DD4684-1811-4C70-9744-A4F7225A8248}.Release|x86.ActiveCfg = Release|Any CPU
		{07DD4684-1811-4C70-9744-A4F7225A8248}.Release|x86.Build.0 = Release|Any CPU
		{EBCF5C0E-8DB8-4A5E-BA24-9F3DA03E899B}.Debug|Any CPU.ActiveCfg = Debug|Any CPU
		{EBCF5C0E-8DB8-4A5E-BA24-9F3DA03E899B}.Debug|Any CPU.Build.0 = Debug|Any CPU
		{EBCF5C0E-8DB8-4A5E-BA24-9F3DA03E899B}.Debug|x64.ActiveCfg = Debug|Any CPU
		{EBCF5C0E-8DB8-4A5E-BA24-9F3DA03E899B}.Debug|x64.Build.0 = Debug|Any CPU
		{EBCF5C0E-8DB8-4A5E-BA24-9F3DA03E899B}.Debug|x86.ActiveCfg = Debug|Any CPU
		{EBCF5C0E-8DB8-4A5E-BA24-9F3DA03E899B}.Debug|x86.Build.0 = Debug|Any CPU
		{EBCF5C0E-8DB8-4A5E-BA24-9F3DA03E899B}.Release|Any CPU.ActiveCfg = Release|Any CPU
		{EBCF5C0E-8DB8-4A5E-BA24-9F3DA03E899B}.Release|Any CPU.Build.0 = Release|Any CPU
		{EBCF5C0E-8DB8-4A5E-BA24-9F3DA03E899B}.Release|x64.ActiveCfg = Release|Any CPU
		{EBCF5C0E-8DB8-4A5E-BA24-9F3DA03E899B}.Release|x64.Build.0 = Release|Any CPU
		{EBCF5C0E-8DB8-4A5E-BA24-9F3DA03E899B}.Release|x86.ActiveCfg = Release|Any CPU
		{EBCF5C0E-8DB8-4A5E-BA24-9F3DA03E899B}.Release|x86.Build.0 = Release|Any CPU
	EndGlobalSection
	GlobalSection(SolutionProperties) = preSolution
		HideSolutionNode = FALSE
	EndGlobalSection
EndGlobal
